Microsoft Visual Studio Solution File, Format Version 12.00
# Visual Studio Version 17
VisualStudioVersion = 17.5.2.0
MinimumVisualStudioVersion = 10.0.40219.1
Project("{9A19103F-16F7-4668-BE54-9A1E7A4F7556}") = "ValidateTheNameModelBinding", "ValidateTheNameModelBinding.csproj", "{D8AEFFBA-8C1E-AFB4-CCC2-7C98E6C825E2}"
EndProject
Project("{FAE04EC0-301F-11D3-BF4B-00C04F79EFBC}") = "TestProject1", "..\TestProject1\TestProject1.csproj", "{AA4E3EBE-DE9E-4690-B679-68F4F0A17FD6}"
EndProject
Global
	GlobalSection(SolutionConfigurationPlatforms) = preSolution
		Debug|Any CPU = Debug|Any CPU
		Release|Any CPU = Release|Any CPU
	EndGlobalSection
	GlobalSection(ProjectConfigurationPlatforms) = postSolution
		{D8AEFFBA-8C1E-AFB4-CCC2-7C98E6C825E2}.Debug|Any CPU.ActiveCfg = Debug|Any CPU
		{D8AEFFBA-8C1E-AFB4-CCC2-7C98E6C825E2}.Debug|Any CPU.Build.0 = Debug|Any CPU
		{D8AEFFBA-8C1E-AFB4-CCC2-7C98E6C825E2}.Release|Any CPU.ActiveCfg = Release|Any CPU
		{D8AEFFBA-8C1E-AFB4-CCC2-7C98E6C825E2}.Release|Any CPU.Build.0 = Release|Any CPU
		{AA4E3EBE-DE9E-4690-B679-68F4F0A17FD6}.Debug|Any CPU.ActiveCfg = Debug|Any CPU
		{AA4E3EBE-DE9E-4690-B679-68F4F0A17FD6}.Debug|Any CPU.Build.0 = Debug|Any CPU
		{AA4E3EBE-DE9E-4690-B679-68F4F0A17FD6}.Release|Any CPU.ActiveCfg = Release|Any CPU
		{AA4E3EBE-DE9E-4690-B679-68F4F0A17FD6}.Release|Any CPU.Build.0 = Release|Any CPU
	EndGlobalSection
	GlobalSection(SolutionProperties) = preSolution
		HideSolutionNode = FALSE
	EndGlobalSection
	GlobalSection(ExtensibilityGlobals) = postSolution
		SolutionGuid = {4B105C69-2CCC-4FCA-AF49-7E3C1C5EA436}
	EndGlobalSection
EndGlobal
